
Microsoft Visual Studio Solution File, Format Version 12.00
# Visual Studio Version 17
VisualStudioVersion = 17.9.34714.143
MinimumVisualStudioVersion = 10.0.40219.1
Project("{FAE04EC0-301F-11D3-BF4B-00C04F79EFBC}") = "QuanLyBanGiay", "QuanLyBanGiay.csproj", "{54920E3B-0804-41B1-99BD-C1D96BEE5CE0}"
EndProject
Global
	GlobalSection(SolutionConfigurationPlatforms) = preSolution
		Debug|Any CPU = Debug|Any CPU
		Release|Any CPU = Release|Any CPU
	EndGlobalSection
	GlobalSection(ProjectConfigurationPlatforms) = postSolution
		{54920E3B-0804-41B1-99BD-C1D96BEE5CE0}.Debug|Any CPU.ActiveCfg = Debug|Any CPU
		{54920E3B-0804-41B1-99BD-C1D96BEE5CE0}.Debug|Any CPU.Build.0 = Debug|Any CPU
		{54920E3B-0804-41B1-99BD-C1D96BEE5CE0}.Release|Any CPU.ActiveCfg = Release|Any CPU
		{54920E3B-0804-41B1-99BD-C1D96BEE5CE0}.Release|Any CPU.Build.0 = Release|Any CPU
	EndGlobalSection
	GlobalSection(SolutionProperties) = preSolution
		HideSolutionNode = FALSE
	EndGlobalSection
	GlobalSection(ExtensibilityGlobals) = postSolution
		SolutionGuid = {5210B5A6-F96E-44AC-93DF-99DD94E69DFA}
	EndGlobalSection
EndGlobal
